// !$*UTF8*$!
{
	archiveVersion = 1;
	classes = {
	};
	objectVersion = 46;
	objects = {

/* Begin PBXBuildFile section */
		9A228EF01AF0D74700E72AD5 /* AppDelegate.swift in Sources */ = {isa = PBXBuildFile; fileRef = 9A228EEF1AF0D74700E72AD5 /* AppDelegate.swift */; };
		9A228EF21AF0D74700E72AD5 /* FirstViewController.swift in Sources */ = {isa = PBXBuildFile; fileRef = 9A228EF11AF0D74700E72AD5 /* FirstViewController.swift */; };
		9A228EF41AF0D74700E72AD5 /* SecondViewController.swift in Sources */ = {isa = PBXBuildFile; fileRef = 9A228EF31AF0D74700E72AD5 /* SecondViewController.swift */; };
		9A228EF71AF0D74700E72AD5 /* Main.storyboard in Resources */ = {isa = PBXBuildFile; fileRef = 9A228EF51AF0D74700E72AD5 /* Main.storyboard */; };
		9A228EF91AF0D74700E72AD5 /* Images.xcassets in Resources */ = {isa = PBXBuildFile; fileRef = 9A228EF81AF0D74700E72AD5 /* Images.xcassets */; };
		9A228EFC1AF0D74700E72AD5 /* LaunchScreen.xib in Resources */ = {isa = PBXBuildFile; fileRef = 9A228EFA1AF0D74700E72AD5 /* LaunchScreen.xib */; };
		9A228F081AF0D74700E72AD5 /* PaddyFrontTests.swift in Sources */ = {isa = PBXBuildFile; fileRef = 9A228F071AF0D74700E72AD5 /* PaddyFrontTests.swift */; };
		9A6175421B0621600044CAB5 /* nae.png in Resources */ = {isa = PBXBuildFile; fileRef = 9A6175411B0621600044CAB5 /* nae.png */; };
		9A6175441B0621B80044CAB5 /* nae40.png in Resources */ = {isa = PBXBuildFile; fileRef = 9A6175431B0621B80044CAB5 /* nae40.png */; };
		9A6175461B0622690044CAB5 /* tawara.png in Resources */ = {isa = PBXBuildFile; fileRef = 9A6175451B0622690044CAB5 /* tawara.png */; };
		9A6175481B0622900044CAB5 /* tawara40.png in Resources */ = {isa = PBXBuildFile; fileRef = 9A6175471B0622900044CAB5 /* tawara40.png */; };
		9A61754C1B0623880044CAB5 /* tawara30.png in Resources */ = {isa = PBXBuildFile; fileRef = 9A61754B1B0623880044CAB5 /* tawara30.png */; };
		9A6175581B0631BE0044CAB5 /* MapBtn48.png in Resources */ = {isa = PBXBuildFile; fileRef = 9A6175571B0631BE0044CAB5 /* MapBtn48.png */; };
		9A61755A1B0631DE0044CAB5 /* MyTanboBtn48.png in Resources */ = {isa = PBXBuildFile; fileRef = 9A6175591B0631DE0044CAB5 /* MyTanboBtn48.png */; };
		9A7FE8181AF9873E00F3A4E1 /* CommonDefine.swift in Sources */ = {isa = PBXBuildFile; fileRef = 9A7FE8171AF9873E00F3A4E1 /* CommonDefine.swift */; };
		9AA3F2DA1AF2481F00F63895 /* json.swift in Sources */ = {isa = PBXBuildFile; fileRef = 9AA3F2D91AF2481F00F63895 /* json.swift */; };
		9AF6BE1B1AF223FD001E0F9D /* GoogleMaps.framework in Frameworks */ = {isa = PBXBuildFile; fileRef = 9AF6BE1A1AF223FD001E0F9D /* GoogleMaps.framework */; };
		9AF6BE1D1AF2242A001E0F9D /* GoogleMaps.bundle in Resources */ = {isa = PBXBuildFile; fileRef = 9AF6BE1C1AF2242A001E0F9D /* GoogleMaps.bundle */; };
		9AF6BE251AF22AEC001E0F9D /* AVFoundation.framework in Frameworks */ = {isa = PBXBuildFile; fileRef = 9AF6BE241AF22AEC001E0F9D /* AVFoundation.framework */; };
		9AF6BE271AF22AF6001E0F9D /* CoreData.framework in Frameworks */ = {isa = PBXBuildFile; fileRef = 9AF6BE261AF22AF6001E0F9D /* CoreData.framework */; };
		9AF6BE291AF22B0D001E0F9D /* CoreLocation.framework in Frameworks */ = {isa = PBXBuildFile; fileRef = 9AF6BE281AF22B0D001E0F9D /* CoreLocation.framework */; };
		9AF6BE2B1AF22B17001E0F9D /* CoreText.framework in Frameworks */ = {isa = PBXBuildFile; fileRef = 9AF6BE2A1AF22B17001E0F9D /* CoreText.framework */; };
		9AF6BE2D1AF22B2C001E0F9D /* GLKit.framework in Frameworks */ = {isa = PBXBuildFile; fileRef = 9AF6BE2C1AF22B2C001E0F9D /* GLKit.framework */; };
		9AF6BE2F1AF22B37001E0F9D /* ImageIO.framework in Frameworks */ = {isa = PBXBuildFile; fileRef = 9AF6BE2E1AF22B37001E0F9D /* ImageIO.framework */; };
		9AF6BE311AF22B64001E0F9D /* libicucore.dylib in Frameworks */ = {isa = PBXBuildFile; fileRef = 9AF6BE301AF22B64001E0F9D /* libicucore.dylib */; };
		9AF6BE331AF22B85001E0F9D /* libstdc++.dylib in Frameworks */ = {isa = PBXBuildFile; fileRef = 9AF6BE321AF22B85001E0F9D /* libstdc++.dylib */; };
		9AF6BE351AF22B97001E0F9D /* libz.dylib in Frameworks */ = {isa = PBXBuildFile; fileRef = 9AF6BE341AF22B97001E0F9D /* libz.dylib */; };
		9AF6BE371AF22BA3001E0F9D /* OpenGLES.framework in Frameworks */ = {isa = PBXBuildFile; fileRef = 9AF6BE361AF22BA3001E0F9D /* OpenGLES.framework */; };
		9AF6BE391AF22BAF001E0F9D /* QuartzCore.framework in Frameworks */ = {isa = PBXBuildFile; fileRef = 9AF6BE381AF22BAF001E0F9D /* QuartzCore.framework */; };
		9AF6BE3B1AF22BBE001E0F9D /* SystemConfiguration.framework in Frameworks */ = {isa = PBXBuildFile; fileRef = 9AF6BE3A1AF22BBE001E0F9D /* SystemConfiguration.framework */; };
/* End PBXBuildFile section */

/* Begin PBXContainerItemProxy section */
		9A228F021AF0D74700E72AD5 /* PBXContainerItemProxy */ = {
			isa = PBXContainerItemProxy;
			containerPortal = 9A228EE21AF0D74700E72AD5 /* Project object */;
			proxyType = 1;
			remoteGlobalIDString = 9A228EE91AF0D74700E72AD5;
			remoteInfo = PaddyFront;
		};
/* End PBXContainerItemProxy section */

/* Begin PBXFileReference section */
		9A228EEA1AF0D74700E72AD5 /* PaddyFront.app */ = {isa = PBXFileReference; explicitFileType = wrapper.application; includeInIndex = 0; path = PaddyFront.app; sourceTree = BUILT_PRODUCTS_DIR; };
		9A228EEE1AF0D74700E72AD5 /* Info.plist */ = {isa = PBXFileReference; lastKnownFileType = text.plist.xml; path = Info.plist; sourceTree = "<group>"; };
		9A228EEF1AF0D74700E72AD5 /* AppDelegate.swift */ = {isa = PBXFileReference; lastKnownFileType = sourcecode.swift; path = AppDelegate.swift; sourceTree = "<group>"; };
		9A228EF11AF0D74700E72AD5 /* FirstViewController.swift */ = {isa = PBXFileReference; lastKnownFileType = sourcecode.swift; path = FirstViewController.swift; sourceTree = "<group>"; };
		9A228EF31AF0D74700E72AD5 /* SecondViewController.swift */ = {isa = PBXFileReference; lastKnownFileType = sourcecode.swift; path = SecondViewController.swift; sourceTree = "<group>"; };
		9A228EF61AF0D74700E72AD5 /* Base */ = {isa = PBXFileReference; lastKnownFileType = file.storyboard; name = Base; path = Base.lproj/Main.storyboard; sourceTree = "<group>"; };
		9A228EF81AF0D74700E72AD5 /* Images.xcassets */ = {isa = PBXFileReference; lastKnownFileType = folder.assetcatalog; path = Images.xcassets; sourceTree = "<group>"; };
		9A228EFB1AF0D74700E72AD5 /* Base */ = {isa = PBXFileReference; lastKnownFileType = file.xib; name = Base; path = Base.lproj/LaunchScreen.xib; sourceTree = "<group>"; };
		9A228F011AF0D74700E72AD5 /* PaddyFrontTests.xctest */ = {isa = PBXFileReference; explicitFileType = wrapper.cfbundle; includeInIndex = 0; path = PaddyFrontTests.xctest; sourceTree = BUILT_PRODUCTS_DIR; };
		9A228F061AF0D74700E72AD5 /* Info.plist */ = {isa = PBXFileReference; lastKnownFileType = text.plist.xml; path = Info.plist; sourceTree = "<group>"; };
		9A228F071AF0D74700E72AD5 /* PaddyFrontTests.swift */ = {isa = PBXFileReference; lastKnownFileType = sourcecode.swift; path = PaddyFrontTests.swift; sourceTree = "<group>"; };
		9A6175411B0621600044CAB5 /* nae.png */ = {isa = PBXFileReference; lastKnownFileType = image.png; path = nae.png; sourceTree = "<group>"; };
		9A6175431B0621B80044CAB5 /* nae40.png */ = {isa = PBXFileReference; lastKnownFileType = image.png; path = nae40.png; sourceTree = "<group>"; };
		9A6175451B0622690044CAB5 /* tawara.png */ = {isa = PBXFileReference; lastKnownFileType = image.png; path = tawara.png; sourceTree = "<group>"; };
		9A6175471B0622900044CAB5 /* tawara40.png */ = {isa = PBXFileReference; lastKnownFileType = image.png; path = tawara40.png; sourceTree = "<group>"; };
		9A61754B1B0623880044CAB5 /* tawara30.png */ = {isa = PBXFileReference; lastKnownFileType = image.png; path = tawara30.png; sourceTree = "<group>"; };
		9A6175571B0631BE0044CAB5 /* MapBtn48.png */ = {isa = PBXFileReference; lastKnownFileType = image.png; path = MapBtn48.png; sourceTree = "<group>"; };
		9A6175591B0631DE0044CAB5 /* MyTanboBtn48.png */ = {isa = PBXFileReference; lastKnownFileType = image.png; path = MyTanboBtn48.png; sourceTree = "<group>"; };
		9A7FE8171AF9873E00F3A4E1 /* CommonDefine.swift */ = {isa = PBXFileReference; fileEncoding = 4; lastKnownFileType = sourcecode.swift; path = CommonDefine.swift; sourceTree = "<group>"; };
		9AA3F2D91AF2481F00F63895 /* json.swift */ = {isa = PBXFileReference; fileEncoding = 4; lastKnownFileType = sourcecode.swift; path = json.swift; sourceTree = "<group>"; };
		9AF6BE1A1AF223FD001E0F9D /* GoogleMaps.framework */ = {isa = PBXFileReference; lastKnownFileType = wrapper.framework; path = GoogleMaps.framework; sourceTree = "<group>"; };
		9AF6BE1C1AF2242A001E0F9D /* GoogleMaps.bundle */ = {isa = PBXFileReference; lastKnownFileType = "wrapper.plug-in"; name = GoogleMaps.bundle; path = GoogleMaps.framework/Versions/A/Resources/GoogleMaps.bundle; sourceTree = "<group>"; };
		9AF6BE1F1AF2256A001E0F9D /* PaddyFront-Bridging-Header.h */ = {isa = PBXFileReference; lastKnownFileType = sourcecode.c.h; path = "PaddyFront-Bridging-Header.h"; sourceTree = "<group>"; };
		9AF6BE241AF22AEC001E0F9D /* AVFoundation.framework */ = {isa = PBXFileReference; lastKnownFileType = wrapper.framework; name = AVFoundation.framework; path = System/Library/Frameworks/AVFoundation.framework; sourceTree = SDKROOT; };
		9AF6BE261AF22AF6001E0F9D /* CoreData.framework */ = {isa = PBXFileReference; lastKnownFileType = wrapper.framework; name = CoreData.framework; path = System/Library/Frameworks/CoreData.framework; sourceTree = SDKROOT; };
		9AF6BE281AF22B0D001E0F9D /* CoreLocation.framework */ = {isa = PBXFileReference; lastKnownFileType = wrapper.framework; name = CoreLocation.framework; path = System/Library/Frameworks/CoreLocation.framework; sourceTree = SDKROOT; };
		9AF6BE2A1AF22B17001E0F9D /* CoreText.framework */ = {isa = PBXFileReference; lastKnownFileType = wrapper.framework; name = CoreText.framework; path = System/Library/Frameworks/CoreText.framework; sourceTree = SDKROOT; };
		9AF6BE2C1AF22B2C001E0F9D /* GLKit.framework */ = {isa = PBXFileReference; lastKnownFileType = wrapper.framework; name = GLKit.framework; path = System/Library/Frameworks/GLKit.framework; sourceTree = SDKROOT; };
		9AF6BE2E1AF22B37001E0F9D /* ImageIO.framework */ = {isa = PBXFileReference; lastKnownFileType = wrapper.framework; name = ImageIO.framework; path = System/Library/Frameworks/ImageIO.framework; sourceTree = SDKROOT; };
		9AF6BE301AF22B64001E0F9D /* libicucore.dylib */ = {isa = PBXFileReference; lastKnownFileType = "compiled.mach-o.dylib"; name = libicucore.dylib; path = usr/lib/libicucore.dylib; sourceTree = SDKROOT; };
		9AF6BE321AF22B85001E0F9D /* libstdc++.dylib */ = {isa = PBXFileReference; lastKnownFileType = "compiled.mach-o.dylib"; name = "libstdc++.dylib"; path = "usr/lib/libstdc++.dylib"; sourceTree = SDKROOT; };
		9AF6BE341AF22B97001E0F9D /* libz.dylib */ = {isa = PBXFileReference; lastKnownFileType = "compiled.mach-o.dylib"; name = libz.dylib; path = usr/lib/libz.dylib; sourceTree = SDKROOT; };
		9AF6BE361AF22BA3001E0F9D /* OpenGLES.framework */ = {isa = PBXFileReference; lastKnownFileType = wrapper.framework; name = OpenGLES.framework; path = System/Library/Frameworks/OpenGLES.framework; sourceTree = SDKROOT; };
		9AF6BE381AF22BAF001E0F9D /* QuartzCore.framework */ = {isa = PBXFileReference; lastKnownFileType = wrapper.framework; name = QuartzCore.framework; path = System/Library/Frameworks/QuartzCore.framework; sourceTree = SDKROOT; };
		9AF6BE3A1AF22BBE001E0F9D /* SystemConfiguration.framework */ = {isa = PBXFileReference; lastKnownFileType = wrapper.framework; name = SystemConfiguration.framework; path = System/Library/Frameworks/SystemConfiguration.framework; sourceTree = SDKROOT; };
/* End PBXFileReference section */

/* Begin PBXFrameworksBuildPhase section */
		9A228EE71AF0D74700E72AD5 /* Frameworks */ = {
			isa = PBXFrameworksBuildPhase;
			buildActionMask = 2147483647;
			files = (
				9AF6BE3B1AF22BBE001E0F9D /* SystemConfiguration.framework in Frameworks */,
				9AF6BE391AF22BAF001E0F9D /* QuartzCore.framework in Frameworks */,
				9AF6BE371AF22BA3001E0F9D /* OpenGLES.framework in Frameworks */,
				9AF6BE351AF22B97001E0F9D /* libz.dylib in Frameworks */,
				9AF6BE331AF22B85001E0F9D /* libstdc++.dylib in Frameworks */,
				9AF6BE311AF22B64001E0F9D /* libicucore.dylib in Frameworks */,
				9AF6BE2F1AF22B37001E0F9D /* ImageIO.framework in Frameworks */,
				9AF6BE2D1AF22B2C001E0F9D /* GLKit.framework in Frameworks */,
				9AF6BE2B1AF22B17001E0F9D /* CoreText.framework in Frameworks */,
				9AF6BE291AF22B0D001E0F9D /* CoreLocation.framework in Frameworks */,
				9AF6BE271AF22AF6001E0F9D /* CoreData.framework in Frameworks */,
				9AF6BE251AF22AEC001E0F9D /* AVFoundation.framework in Frameworks */,
				9AF6BE1B1AF223FD001E0F9D /* GoogleMaps.framework in Frameworks */,
			);
			runOnlyForDeploymentPostprocessing = 0;
		};
		9A228EFE1AF0D74700E72AD5 /* Frameworks */ = {
			isa = PBXFrameworksBuildPhase;
			buildActionMask = 2147483647;
			files = (
			);
			runOnlyForDeploymentPostprocessing = 0;
		};
/* End PBXFrameworksBuildPhase section */

/* Begin PBXGroup section */
		9A228EE11AF0D74700E72AD5 = {
			isa = PBXGroup;
			children = (
				9A228EEC1AF0D74700E72AD5 /* PaddyFront */,
				9A228F041AF0D74700E72AD5 /* PaddyFrontTests */,
				9A228EEB1AF0D74700E72AD5 /* Products */,
				9AF6BE1F1AF2256A001E0F9D /* PaddyFront-Bridging-Header.h */,
				9AF6BE3A1AF22BBE001E0F9D /* SystemConfiguration.framework */,
				9AF6BE381AF22BAF001E0F9D /* QuartzCore.framework */,
				9AF6BE361AF22BA3001E0F9D /* OpenGLES.framework */,
				9AF6BE341AF22B97001E0F9D /* libz.dylib */,
				9AF6BE321AF22B85001E0F9D /* libstdc++.dylib */,
				9AF6BE301AF22B64001E0F9D /* libicucore.dylib */,
				9AF6BE2E1AF22B37001E0F9D /* ImageIO.framework */,
				9AF6BE2C1AF22B2C001E0F9D /* GLKit.framework */,
				9AF6BE2A1AF22B17001E0F9D /* CoreText.framework */,
				9AF6BE281AF22B0D001E0F9D /* CoreLocation.framework */,
				9AF6BE261AF22AF6001E0F9D /* CoreData.framework */,
				9AF6BE241AF22AEC001E0F9D /* AVFoundation.framework */,
				9AF6BE1C1AF2242A001E0F9D /* GoogleMaps.bundle */,
				9AF6BE1A1AF223FD001E0F9D /* GoogleMaps.framework */,
			);
			sourceTree = "<group>";
		};
		9A228EEB1AF0D74700E72AD5 /* Products */ = {
			isa = PBXGroup;
			children = (
				9A228EEA1AF0D74700E72AD5 /* PaddyFront.app */,
				9A228F011AF0D74700E72AD5 /* PaddyFrontTests.xctest */,
			);
			name = Products;
			sourceTree = "<group>";
		};
		9A228EEC1AF0D74700E72AD5 /* PaddyFront */ = {
			isa = PBXGroup;
			children = (
				9A228EEF1AF0D74700E72AD5 /* AppDelegate.swift */,
				9A228EF11AF0D74700E72AD5 /* FirstViewController.swift */,
				9A228EF31AF0D74700E72AD5 /* SecondViewController.swift */,
				9A7FE8171AF9873E00F3A4E1 /* CommonDefine.swift */,
				9AA3F2D91AF2481F00F63895 /* json.swift */,
				9A228EF51AF0D74700E72AD5 /* Main.storyboard */,
				9A228EF81AF0D74700E72AD5 /* Images.xcassets */,
				9A228EFA1AF0D74700E72AD5 /* LaunchScreen.xib */,
				9A61753C1B061F860044CAB5 /* Image */,
				9A228EED1AF0D74700E72AD5 /* Supporting Files */,
			);
			path = PaddyFront;
			sourceTree = "<group>";
		};
		9A228EED1AF0D74700E72AD5 /* Supporting Files */ = {
			isa = PBXGroup;
			children = (
				9A228EEE1AF0D74700E72AD5 /* Info.plist */,
			);
			name = "Supporting Files";
			sourceTree = "<group>";
		};
		9A228F041AF0D74700E72AD5 /* PaddyFrontTests */ = {
			isa = PBXGroup;
			children = (
				9A228F071AF0D74700E72AD5 /* PaddyFrontTests.swift */,
				9A228F051AF0D74700E72AD5 /* Supporting Files */,
			);
			path = PaddyFrontTests;
			sourceTree = SOURCE_ROOT;
		};
		9A228F051AF0D74700E72AD5 /* Supporting Files */ = {
			isa = PBXGroup;
			children = (
				9A228F061AF0D74700E72AD5 /* Info.plist */,
			);
			name = "Supporting Files";
			sourceTree = "<group>";
		};
		9A61753C1B061F860044CAB5 /* Image */ = {
			isa = PBXGroup;
			children = (
				9A6175411B0621600044CAB5 /* nae.png */,
				9A6175431B0621B80044CAB5 /* nae40.png */,
				9A6175451B0622690044CAB5 /* tawara.png */,
				9A61754B1B0623880044CAB5 /* tawara30.png */,
				9A6175471B0622900044CAB5 /* tawara40.png */,
				9A6175571B0631BE0044CAB5 /* MapBtn48.png */,
				9A6175591B0631DE0044CAB5 /* MyTanboBtn48.png */,
			);
			name = Image;
			sourceTree = "<group>";
		};
/* End PBXGroup section */

/* Begin PBXNativeTarget section */
		9A228EE91AF0D74700E72AD5 /* PaddyFront */ = {
			isa = PBXNativeTarget;
			buildConfigurationList = 9A228F0B1AF0D74700E72AD5 /* Build configuration list for PBXNativeTarget "PaddyFront" */;
			buildPhases = (
				9A228EE61AF0D74700E72AD5 /* Sources */,
				9A228EE71AF0D74700E72AD5 /* Frameworks */,
				9A228EE81AF0D74700E72AD5 /* Resources */,
			);
			buildRules = (
			);
			dependencies = (
			);
			name = PaddyFront;
			productName = PaddyFront;
			productReference = 9A228EEA1AF0D74700E72AD5 /* PaddyFront.app */;
			productType = "com.apple.product-type.application";
		};
		9A228F001AF0D74700E72AD5 /* PaddyFrontTests */ = {
			isa = PBXNativeTarget;
			buildConfigurationList = 9A228F0E1AF0D74700E72AD5 /* Build configuration list for PBXNativeTarget "PaddyFrontTests" */;
			buildPhases = (
				9A228EFD1AF0D74700E72AD5 /* Sources */,
				9A228EFE1AF0D74700E72AD5 /* Frameworks */,
				9A228EFF1AF0D74700E72AD5 /* Resources */,
			);
			buildRules = (
			);
			dependencies = (
				9A228F031AF0D74700E72AD5 /* PBXTargetDependency */,
			);
			name = PaddyFrontTests;
			productName = PaddyFrontTests;
			productReference = 9A228F011AF0D74700E72AD5 /* PaddyFrontTests.xctest */;
			productType = "com.apple.product-type.bundle.unit-test";
		};
/* End PBXNativeTarget section */

/* Begin PBXProject section */
		9A228EE21AF0D74700E72AD5 /* Project object */ = {
			isa = PBXProject;
			attributes = {
				LastUpgradeCheck = 0630;
				ORGANIZATIONNAME = K.Mochizuki;
				TargetAttributes = {
					9A228EE91AF0D74700E72AD5 = {
						CreatedOnToolsVersion = 6.3.1;
					};
					9A228F001AF0D74700E72AD5 = {
						CreatedOnToolsVersion = 6.3.1;
						TestTargetID = 9A228EE91AF0D74700E72AD5;
					};
				};
			};
			buildConfigurationList = 9A228EE51AF0D74700E72AD5 /* Build configuration list for PBXProject "PaddyFront" */;
			compatibilityVersion = "Xcode 3.2";
			developmentRegion = English;
			hasScannedForEncodings = 0;
			knownRegions = (
				en,
				Base,
			);
			mainGroup = 9A228EE11AF0D74700E72AD5;
			productRefGroup = 9A228EEB1AF0D74700E72AD5 /* Products */;
			projectDirPath = "";
			projectRoot = "";
			targets = (
				9A228EE91AF0D74700E72AD5 /* PaddyFront */,
				9A228F001AF0D74700E72AD5 /* PaddyFrontTests */,
			);
		};
/* End PBXProject section */

/* Begin PBXResourcesBuildPhase section */
		9A228EE81AF0D74700E72AD5 /* Resources */ = {
			isa = PBXResourcesBuildPhase;
			buildActionMask = 2147483647;
			files = (
				9A6175441B0621B80044CAB5 /* nae40.png in Resources */,
				9A6175581B0631BE0044CAB5 /* MapBtn48.png in Resources */,
				9A228EF71AF0D74700E72AD5 /* Main.storyboard in Resources */,
				9A61755A1B0631DE0044CAB5 /* MyTanboBtn48.png in Resources */,
				9A6175421B0621600044CAB5 /* nae.png in Resources */,
				9A61754C1B0623880044CAB5 /* tawara30.png in Resources */,
				9A6175481B0622900044CAB5 /* tawara40.png in Resources */,
				9A228EFC1AF0D74700E72AD5 /* LaunchScreen.xib in Resources */,
				9A228EF91AF0D74700E72AD5 /* Images.xcassets in Resources */,
				9A6175461B0622690044CAB5 /* tawara.png in Resources */,
				9AF6BE1D1AF2242A001E0F9D /* GoogleMaps.bundle in Resources */,
			);
			runOnlyForDeploymentPostprocessing = 0;
		};
		9A228EFF1AF0D74700E72AD5 /* Resources */ = {
			isa = PBXResourcesBuildPhase;
			buildActionMask = 2147483647;
			files = (
			);
			runOnlyForDeploymentPostprocessing = 0;
		};
/* End PBXResourcesBuildPhase section */

/* Begin PBXSourcesBuildPhase section */
		9A228EE61AF0D74700E72AD5 /* Sources */ = {
			isa = PBXSourcesBuildPhase;
			buildActionMask = 2147483647;
			files = (
				9A228EF41AF0D74700E72AD5 /* SecondViewController.swift in Sources */,
				9A228EF01AF0D74700E72AD5 /* AppDelegate.swift in Sources */,
				9A228EF21AF0D74700E72AD5 /* FirstViewController.swift in Sources */,
				9A7FE8181AF9873E00F3A4E1 /* CommonDefine.swift in Sources */,
				9AA3F2DA1AF2481F00F63895 /* json.swift in Sources */,
			);
			runOnlyForDeploymentPostprocessing = 0;
		};
		9A228EFD1AF0D74700E72AD5 /* Sources */ = {
			isa = PBXSourcesBuildPhase;
			buildActionMask = 2147483647;
			files = (
				9A228F081AF0D74700E72AD5 /* PaddyFrontTests.swift in Sources */,
			);
			runOnlyForDeploymentPostprocessing = 0;
		};
/* End PBXSourcesBuildPhase section */

/* Begin PBXTargetDependency section */
		9A228F031AF0D74700E72AD5 /* PBXTargetDependency */ = {
			isa = PBXTargetDependency;
			target = 9A228EE91AF0D74700E72AD5 /* PaddyFront */;
			targetProxy = 9A228F021AF0D74700E72AD5 /* PBXContainerItemProxy */;
		};
/* End PBXTargetDependency section */

/* Begin PBXVariantGroup section */
		9A228EF51AF0D74700E72AD5 /* Main.storyboard */ = {
			isa = PBXVariantGroup;
			children = (
				9A228EF61AF0D74700E72AD5 /* Base */,
			);
			name = Main.storyboard;
			sourceTree = "<group>";
		};
		9A228EFA1AF0D74700E72AD5 /* LaunchScreen.xib */ = {
			isa = PBXVariantGroup;
			children = (
				9A228EFB1AF0D74700E72AD5 /* Base */,
			);
			name = LaunchScreen.xib;
			sourceTree = "<group>";
		};
/* End PBXVariantGroup section */

/* Begin XCBuildConfiguration section */
		9A228F091AF0D74700E72AD5 /* Debug */ = {
			isa = XCBuildConfiguration;
			buildSettings = {
				ALWAYS_SEARCH_USER_PATHS = NO;
				CLANG_CXX_LANGUAGE_STANDARD = "gnu++0x";
				CLANG_CXX_LIBRARY = "libc++";
				CLANG_ENABLE_MODULES = YES;
				CLANG_ENABLE_OBJC_ARC = YES;
				CLANG_WARN_BOOL_CONVERSION = YES;
				CLANG_WARN_CONSTANT_CONVERSION = YES;
				CLANG_WARN_DIRECT_OBJC_ISA_USAGE = YES_ERROR;
				CLANG_WARN_EMPTY_BODY = YES;
				CLANG_WARN_ENUM_CONVERSION = YES;
				CLANG_WARN_INT_CONVERSION = YES;
				CLANG_WARN_OBJC_ROOT_CLASS = YES_ERROR;
				CLANG_WARN_UNREACHABLE_CODE = YES;
				CLANG_WARN__DUPLICATE_METHOD_MATCH = YES;
				"CODE_SIGN_IDENTITY[sdk=iphoneos*]" = "iPhone Developer";
				COPY_PHASE_STRIP = NO;
				DEBUG_INFORMATION_FORMAT = "dwarf-with-dsym";
				ENABLE_STRICT_OBJC_MSGSEND = YES;
				GCC_C_LANGUAGE_STANDARD = gnu99;
				GCC_DYNAMIC_NO_PIC = NO;
				GCC_NO_COMMON_BLOCKS = YES;
				GCC_OPTIMIZATION_LEVEL = 0;
				GCC_PREPROCESSOR_DEFINITIONS = (
					"DEBUG=1",
					"$(inherited)",
				);
				GCC_SYMBOLS_PRIVATE_EXTERN = NO;
				GCC_WARN_64_TO_32_BIT_CONVERSION = YES;
				GCC_WARN_ABOUT_RETURN_TYPE = YES_ERROR;
				GCC_WARN_UNDECLARED_SELECTOR = YES;
				GCC_WARN_UNINITIALIZED_AUTOS = YES_AGGRESSIVE;
				GCC_WARN_UNUSED_FUNCTION = YES;
				GCC_WARN_UNUSED_VARIABLE = YES;
				IPHONEOS_DEPLOYMENT_TARGET = 8.3;
				MTL_ENABLE_DEBUG_INFO = YES;
				ONLY_ACTIVE_ARCH = YES;
				OTHER_LDFLAGS = "";
				SDKROOT = iphoneos;
				SWIFT_OPTIMIZATION_LEVEL = "-Onone";
			};
			name = Debug;
		};
		9A228F0A1AF0D74700E72AD5 /* Release */ = {
			isa = XCBuildConfiguration;
			buildSettings = {
				ALWAYS_SEARCH_USER_PATHS = NO;
				CLANG_CXX_LANGUAGE_STANDARD = "gnu++0x";
				CLANG_CXX_LIBRARY = "libc++";
				CLANG_ENABLE_MODULES = YES;
				CLANG_ENABLE_OBJC_ARC = YES;
				CLANG_WARN_BOOL_CONVERSION = YES;
				CLANG_WARN_CONSTANT_CONVERSION = YES;
				CLANG_WARN_DIRECT_OBJC_ISA_USAGE = YES_ERROR;
				CLANG_WARN_EMPTY_BODY = YES;
				CLANG_WARN_ENUM_CONVERSION = YES;
				CLANG_WARN_INT_CONVERSION = YES;
				CLANG_WARN_OBJC_ROOT_CLASS = YES_ERROR;
				CLANG_WARN_UNREACHABLE_CODE = YES;
				CLANG_WARN__DUPLICATE_METHOD_MATCH = YES;
				"CODE_SIGN_IDENTITY[sdk=iphoneos*]" = "iPhone Developer";
				COPY_PHASE_STRIP = NO;
				DEBUG_INFORMATION_FORMAT = "dwarf-with-dsym";
				ENABLE_NS_ASSERTIONS = NO;
				ENABLE_STRICT_OBJC_MSGSEND = YES;
				GCC_C_LANGUAGE_STANDARD = gnu99;
				GCC_NO_COMMON_BLOCKS = YES;
				GCC_WARN_64_TO_32_BIT_CONVERSION = YES;
				GCC_WARN_ABOUT_RETURN_TYPE = YES_ERROR;
				GCC_WARN_UNDECLARED_SELECTOR = YES;
				GCC_WARN_UNINITIALIZED_AUTOS = YES_AGGRESSIVE;
				GCC_WARN_UNUSED_FUNCTION = YES;
				GCC_WARN_UNUSED_VARIABLE = YES;
				IPHONEOS_DEPLOYMENT_TARGET = 8.3;
				MTL_ENABLE_DEBUG_INFO = NO;
				OTHER_LDFLAGS = "";
				SDKROOT = iphoneos;
				VALIDATE_PRODUCT = YES;
			};
			name = Release;
		};
		9A228F0C1AF0D74700E72AD5 /* Debug */ = {
			isa = XCBuildConfiguration;
			buildSettings = {
				ASSETCATALOG_COMPILER_APPICON_NAME = AppIcon;
				CLANG_ENABLE_MODULES = YES;
				FRAMEWORK_SEARCH_PATHS = (
					"$(inherited)",
					"$(PROJECT_DIR)",
				);
				INFOPLIST_FILE = PaddyFront/Info.plist;
				LD_RUNPATH_SEARCH_PATHS = "$(inherited) @executable_path/Frameworks";
				OTHER_LDFLAGS = "-ObjC";
				PRODUCT_NAME = "$(TARGET_NAME)";
				SWIFT_OBJC_BRIDGING_HEADER = "PaddyFront-Bridging-Header.h";
				SWIFT_OPTIMIZATION_LEVEL = "-Onone";
			};
			name = Debug;
		};
		9A228F0D1AF0D74700E72AD5 /* Release */ = {
			isa = XCBuildConfiguration;
			buildSettings = {
				ASSETCATALOG_COMPILER_APPICON_NAME = AppIcon;
				CLANG_ENABLE_MODULES = YES;
				FRAMEWORK_SEARCH_PATHS = (
					"$(inherited)",
					"$(PROJECT_DIR)",
				);
				INFOPLIST_FILE = PaddyFront/Info.plist;
				LD_RUNPATH_SEARCH_PATHS = "$(inherited) @executable_path/Frameworks";
				OTHER_LDFLAGS = "-ObjC";
				PRODUCT_NAME = "$(TARGET_NAME)";
				SWIFT_OBJC_BRIDGING_HEADER = "PaddyFront-Bridging-Header.h";
			};
			name = Release;
		};
		9A228F0F1AF0D74700E72AD5 /* Debug */ = {
			isa = XCBuildConfiguration;
			buildSettings = {
				BUNDLE_LOADER = "$(TEST_HOST)";
				FRAMEWORK_SEARCH_PATHS = (
					"$(SDKROOT)/Developer/Library/Frameworks",
					"$(inherited)",
				);
				GCC_PREPROCESSOR_DEFINITIONS = (
					"DEBUG=1",
					"$(inherited)",
				);
				INFOPLIST_FILE = PaddyFrontTests/Info.plist;
				LD_RUNPATH_SEARCH_PATHS = "$(inherited) @executable_path/Frameworks @loader_path/Frameworks";
				OTHER_LDFLAGS = "";
				PRODUCT_NAME = "$(TARGET_NAME)";
				TEST_HOST = "$(BUILT_PRODUCTS_DIR)/PaddyFront.app/PaddyFront";
			};
			name = Debug;
		};
		9A228F101AF0D74700E72AD5 /* Release */ = {
			isa = XCBuildConfiguration;
			buildSettings = {
				BUNDLE_LOADER = "$(TEST_HOST)";
				FRAMEWORK_SEARCH_PATHS = (
					"$(SDKROOT)/Developer/Library/Frameworks",
					"$(inherited)",
				);
				INFOPLIST_FILE = PaddyFrontTests/Info.plist;
				LD_RUNPATH_SEARCH_PATHS = "$(inherited) @executable_path/Frameworks @loader_path/Frameworks";
				OTHER_LDFLAGS = "";
				PRODUCT_NAME = "$(TARGET_NAME)";
				TEST_HOST = "$(BUILT_PRODUCTS_DIR)/PaddyFront.app/PaddyFront";
			};
			name = Release;
		};
/* End XCBuildConfiguration section */

/* Begin XCConfigurationList section */
		9A228EE51AF0D74700E72AD5 /* Build configuration list for PBXProject "PaddyFront" */ = {
			isa = XCConfigurationList;
			buildConfigurations = (
				9A228F091AF0D74700E72AD5 /* Debug */,
				9A228F0A1AF0D74700E72AD5 /* Release */,
			);
			defaultConfigurationIsVisible = 0;
			defaultConfigurationName = Release;
		};
		9A228F0B1AF0D74700E72AD5 /* Build configuration list for PBXNativeTarget "PaddyFront" */ = {
			isa = XCConfigurationList;
			buildConfigurations = (
				9A228F0C1AF0D74700E72AD5 /* Debug */,
				9A228F0D1AF0D74700E72AD5 /* Release */,
			);
			defaultConfigurationIsVisible = 0;
			defaultConfigurationName = Release;
		};
		9A228F0E1AF0D74700E72AD5 /* Build configuration list for PBXNativeTarget "PaddyFrontTests" */ = {
			isa = XCConfigurationList;
			buildConfigurations = (
				9A228F0F1AF0D74700E72AD5 /* Debug */,
				9A228F101AF0D74700E72AD5 /* Release */,
			);
			defaultConfigurationIsVisible = 0;
			defaultConfigurationName = Release;
		};
/* End XCConfigurationList section */
	};
	rootObject = 9A228EE21AF0D74700E72AD5 /* Project object */;
}
